
Microsoft Visual Studio Solution File, Format Version 12.00
# Visual Studio Version 17
VisualStudioVersion = 17.8.34330.188
MinimumVisualStudioVersion = 10.0.40219.1
Project("{FAE04EC0-301F-11D3-BF4B-00C04F79EFBC}") = "GenerationEvent", "GenerationEvent\GenerationEvent.csproj", "{FE473B7F-7EE9-423B-96AE-9CEEBD87C2DD}"
EndProject
Global
	GlobalSection(SolutionConfigurationPlatforms) = preSolution
		Debug|Any CPU = Debug|Any CPU
		Release|Any CPU = Release|Any CPU
	EndGlobalSection
	GlobalSection(ProjectConfigurationPlatforms) = postSolution
		{FE473B7F-7EE9-423B-96AE-9CEEBD87C2DD}.Debug|Any CPU.ActiveCfg = Debug|Any CPU
		{FE473B7F-7EE9-423B-96AE-9CEEBD87C2DD}.Debug|Any CPU.Build.0 = Debug|Any CPU
		{FE473B7F-7EE9-423B-96AE-9CEEBD87C2DD}.Release|Any CPU.ActiveCfg = Release|Any CPU
		{FE473B7F-7EE9-423B-96AE-9CEEBD87C2DD}.Release|Any CPU.Build.0 = Release|Any CPU
	EndGlobalSection
	GlobalSection(SolutionProperties) = preSolution
		HideSolutionNode = FALSE
	EndGlobalSection
	GlobalSection(ExtensibilityGlobals) = postSolution
		SolutionGuid = {45373060-8F06-4AAE-9210-0AE9E2B55A63}
	EndGlobalSection
EndGlobal
